# This file is generated by running "yarn install" inside your project.
# Manual changes might be lost - proceed with caution!

__metadata:
  version: 6
  cacheKey: 8

"@types/node@npm:^20.2.5":
  version: 20.2.5
  resolution: "@types/node@npm:20.2.5"
  checksum: 38ce7c7e9d76880dc632f71d71e0d5914fcda9d5e9a7095d6c339abda55ca4affb0f2a882aeb29398f8e09d2c5151f0b6586c81c8ccdfe529c34b1ea3337425e
  languageName: node
  linkType: hard

"arg@npm:^5.0.2":
  version: 5.0.2
  resolution: "arg@npm:5.0.2"
  checksum: 6c69ada1a9943d332d9e5382393e897c500908d91d5cb735a01120d5f71daf1b339b7b8980cbeaba8fd1afc68e658a739746179e4315a26e8a28951ff9930078
  languageName: node
  linkType: hard

"prettier@npm:2.8.8":
  version: 2.8.8
  resolution: "prettier@npm:2.8.8"
  bin:
    prettier: bin-prettier.js
  checksum: b49e409431bf129dd89238d64299ba80717b57ff5a6d1c1a8b1a28b590d998a34e083fa13573bc732bb8d2305becb4c9a4407f8486c81fa7d55100eb08263cf8
  languageName: node
  linkType: hard

"statsapp@workspace:.":
  version: 0.0.0-use.local
  resolution: "statsapp@workspace:."
  dependencies:
    "@types/node": ^20.2.5
    arg: ^5.0.2
    prettier: 2.8.8
    typescript: ^5.0.4
  languageName: unknown
  linkType: soft

"typescript@npm:^5.0.4":
  version: 5.0.4
  resolution: "typescript@npm:5.0.4"
  bin:
    tsc: bin/tsc
    tsserver: bin/tsserver
  checksum: 82b94da3f4604a8946da585f7d6c3025fff8410779e5bde2855ab130d05e4fd08938b9e593b6ebed165bda6ad9292b230984f10952cf82f0a0ca07bbeaa08172
  languageName: node
  linkType: hard

"typescript@patch:typescript@^5.0.4#~builtin<compat/typescript>":
  version: 5.0.4
  resolution: "typescript@patch:typescript@npm%3A5.0.4#~builtin<compat/typescript>::version=5.0.4&hash=85af82"
  bin:
    tsc: bin/tsc
    tsserver: bin/tsserver
  checksum: bb309d320c59a26565fb3793dba550576ab861018ff3fd1b7fccabbe46ae4a35546bc45f342c0a0b6f265c801ccdf64ffd68f548f117ceb7f0eac4b805cd52a9
  languageName: node
  linkType: hard
