# This file is generated by running "yarn install" inside your project.
# Manual changes might be lost - proceed with caution!

__metadata:
  version: 8
  cacheKey: 10

"@types/node@npm:^20.2.5":
  version: 20.2.5
  resolution: "@types/node@npm:20.2.5"
  checksum: 37529473f00ee1042133abef58c9f9e92cd3b28f8d6cae3fabd09696dc86505bb6cdf3329403a5b23ccddbe589b8b7579b0b6d78ddfbeca856114d165af44ce5
  languageName: node
  linkType: hard

"arg@npm:^5.0.2":
  version: 5.0.2
  resolution: "arg@npm:5.0.2"
  checksum: 92fe7de222054a060fd2329e92e867410b3ea260328147ee3fb7855f78efae005f4087e698d4e688a856893c56bb09951588c40f2c901cf6996cd8cd7bcfef2c
  languageName: node
  linkType: hard

"buffer-crc32@npm:~0.2.3":
  version: 0.2.13
  resolution: "buffer-crc32@npm:0.2.13"
  checksum: 06252347ae6daca3453b94e4b2f1d3754a3b146a111d81c68924c22d91889a40623264e95e67955b1cb4a68cbedf317abeabb5140a9766ed248973096db5ce1c
  languageName: node
  linkType: hard

"pend@npm:~1.2.0":
  version: 1.2.0
  resolution: "pend@npm:1.2.0"
  checksum: 6c72f5243303d9c60bd98e6446ba7d30ae29e3d56fdb6fae8767e8ba6386f33ee284c97efe3230a0d0217e2b1723b8ab490b1bbf34fcbb2180dbc8a9de47850d
  languageName: node
  linkType: hard

"prettier@npm:2.8.8":
  version: 2.8.8
  resolution: "prettier@npm:2.8.8"
  bin:
    prettier: bin-prettier.js
  checksum: 00cdb6ab0281f98306cd1847425c24cbaaa48a5ff03633945ab4c701901b8e96ad558eb0777364ffc312f437af9b5a07d0f45346266e8245beaf6247b9c62b24
  languageName: node
  linkType: hard

"statsapp@workspace:.":
  version: 0.0.0-use.local
  resolution: "statsapp@workspace:."
  dependencies:
    "@types/node": "npm:^20.2.5"
    arg: "npm:^5.0.2"
    prettier: "npm:2.8.8"
    typescript: "npm:^5.0.4"
    yauzl: "npm:^3.1.3"
  languageName: unknown
  linkType: soft

"typescript@npm:^5.0.4":
  version: 5.0.4
  resolution: "typescript@npm:5.0.4"
  bin:
    tsc: bin/tsc
    tsserver: bin/tsserver
  checksum: e5c3adff09a138c0e27d13b5bb2b106ca17a162ffa945d66161669c265c65436309c5817358a2af1abb69d07440d358f8c1ed7cbb63a2c8680e19b9c268fe4ef
  languageName: node
  linkType: hard

"typescript@patch:typescript@npm%3A^5.0.4#optional!builtin<compat/typescript>":
  version: 5.0.4
  resolution: "typescript@patch:typescript@npm%3A5.0.4#optional!builtin<compat/typescript>::version=5.0.4&hash=b5f058"
  bin:
    tsc: bin/tsc
    tsserver: bin/tsserver
  checksum: b1b62606c7ec75efe9edc61e195d9e69f0440cac1bcd111dfa864f839255f0d9a7b79869f2823559c608826fc0c9894d2917ae4063e0aa06f5d0784a35170497
  languageName: node
  linkType: hard

"yauzl@npm:^3.1.3":
  version: 3.1.3
  resolution: "yauzl@npm:3.1.3"
  dependencies:
    buffer-crc32: "npm:~0.2.3"
    pend: "npm:~1.2.0"
  checksum: 09997308801dbb4ae32483bb17d6c49fa8bf0c6adad308d9ce8babb214c60d504f4b88d8ae4d3083326becffed723384ab2b91c9c86e7b2b9b76a373e6c7b5c2
  languageName: node
  linkType: hard
