# This file is generated by running "yarn install" inside your project.
# Manual changes might be lost - proceed with caution!

__metadata:
  version: 8
  cacheKey: 10

"@types/node@npm:^24.0.3":
  version: 24.0.3
  resolution: "@types/node@npm:24.0.3"
  dependencies:
    undici-types: "npm:~7.8.0"
  checksum: 6cce0afa9b0ff7f8eab7cb0339909c1e4ef480b824b8de5adc9cee05dac63ee3d8c7a46e1f95f13ecc94e84608118741f9949527a92fbf3f0e1f7714b37a7b61
  languageName: node
  linkType: hard

"arg@npm:^5.0.2":
  version: 5.0.2
  resolution: "arg@npm:5.0.2"
  checksum: 92fe7de222054a060fd2329e92e867410b3ea260328147ee3fb7855f78efae005f4087e698d4e688a856893c56bb09951588c40f2c901cf6996cd8cd7bcfef2c
  languageName: node
  linkType: hard

"prettier@npm:3.5.3":
  version: 3.5.3
  resolution: "prettier@npm:3.5.3"
  bin:
    prettier: bin/prettier.cjs
  checksum: 7050c08f674d9e49fbd9a4c008291d0715471f64e94cc5e4b01729affce221dfc6875c8de7e66b728c64abc9352eefb7eaae071b5f79d30081be207b53774b78
  languageName: node
  linkType: hard

"statsapp@workspace:.":
  version: 0.0.0-use.local
  resolution: "statsapp@workspace:."
  dependencies:
    "@types/node": "npm:^24.0.3"
    arg: "npm:^5.0.2"
    prettier: "npm:3.5.3"
    typescript: "npm:^5.8.3"
  languageName: unknown
  linkType: soft

"typescript@npm:^5.8.3":
  version: 5.8.3
  resolution: "typescript@npm:5.8.3"
  bin:
    tsc: bin/tsc
    tsserver: bin/tsserver
  checksum: 65c40944c51b513b0172c6710ee62e951b70af6f75d5a5da745cb7fab132c09ae27ffdf7838996e3ed603bb015dadd099006658046941bd0ba30340cc563ae92
  languageName: node
  linkType: hard

"typescript@patch:typescript@npm%3A^5.8.3#optional!builtin<compat/typescript>":
  version: 5.8.3
  resolution: "typescript@patch:typescript@npm%3A5.8.3#optional!builtin<compat/typescript>::version=5.8.3&hash=e012d7"
  bin:
    tsc: bin/tsc
    tsserver: bin/tsserver
  checksum: 98470634034ec37fd9ea61cc82dcf9a27950d0117a4646146b767d085a2ec14b137aae9642a83d1c62732d7fdcdac19bb6288b0bb468a72f7a06ae4e1d2c72c9
  languageName: node
  linkType: hard

"undici-types@npm:~7.8.0":
  version: 7.8.0
  resolution: "undici-types@npm:7.8.0"
  checksum: fcff3fbab234f067fbd69e374ee2c198ba74c364ceaf6d93db7ca267e784457b5518cd01d0d2329b075f412574205ea3172a9a675facb49b4c9efb7141cd80b7
  languageName: node
  linkType: hard
